
Microsoft Visual Studio Solution File, Format Version 12.00
Project("{FAE04EC0-301F-11D3-BF4B-00C04F79EFBC}") = "ValidateThis", "ValidateThis\ValidateThis.csproj", "{15820C0E-39F3-4267-883A-39B6D02CE729}"
EndProject
Global
	GlobalSection(SolutionConfigurationPlatforms) = preSolution
		Debug|Any CPU = Debug|Any CPU
		Release|Any CPU = Release|Any CPU
	EndGlobalSection
	GlobalSection(ProjectConfigurationPlatforms) = postSolution
		{15820C0E-39F3-4267-883A-39B6D02CE729}.Debug|Any CPU.ActiveCfg = Debug|Any CPU
		{15820C0E-39F3-4267-883A-39B6D02CE729}.Debug|Any CPU.Build.0 = Debug|Any CPU
		{15820C0E-39F3-4267-883A-39B6D02CE729}.Release|Any CPU.ActiveCfg = Release|Any CPU
		{15820C0E-39F3-4267-883A-39B6D02CE729}.Release|Any CPU.Build.0 = Release|Any CPU
	EndGlobalSection
EndGlobal
